// !$*UTF8*$!
{
	archiveVersion = 1;
	classes = {
	};
	objectVersion = 46;
	objects = {

/* Begin PBXBuildFile section */
		DFD158D91B7B50F100EC5856 /* AppDelegate.swift in Sources */ = {isa = PBXBuildFile; fileRef = DFD158D81B7B50F100EC5856 /* AppDelegate.swift */; };
		DFD158DB1B7B50F100EC5856 /* ViewController.swift in Sources */ = {isa = PBXBuildFile; fileRef = DFD158DA1B7B50F100EC5856 /* ViewController.swift */; };
		DFD158DE1B7B50F100EC5856 /* Main.storyboard in Resources */ = {isa = PBXBuildFile; fileRef = DFD158DC1B7B50F100EC5856 /* Main.storyboard */; };
		DFD158E01B7B50F100EC5856 /* Images.xcassets in Resources */ = {isa = PBXBuildFile; fileRef = DFD158DF1B7B50F100EC5856 /* Images.xcassets */; };
		DFD158E31B7B50F100EC5856 /* LaunchScreen.xib in Resources */ = {isa = PBXBuildFile; fileRef = DFD158E11B7B50F100EC5856 /* LaunchScreen.xib */; };
		DFD158EF1B7B50F100EC5856 /* LayoutDemoTests.swift in Sources */ = {isa = PBXBuildFile; fileRef = DFD158EE1B7B50F100EC5856 /* LayoutDemoTests.swift */; };
/* End PBXBuildFile section */

/* Begin PBXContainerItemProxy section */
		DFD158E91B7B50F100EC5856 /* PBXContainerItemProxy */ = {
			isa = PBXContainerItemProxy;
			containerPortal = DFD158CB1B7B50F000EC5856 /* Project object */;
			proxyType = 1;
			remoteGlobalIDString = DFD158D21B7B50F000EC5856;
			remoteInfo = LayoutDemo;
		};
/* End PBXContainerItemProxy section */

/* Begin PBXFileReference section */
		DFD158D31B7B50F000EC5856 /* LayoutDemo.app */ = {isa = PBXFileReference; explicitFileType = wrapper.application; includeInIndex = 0; path = LayoutDemo.app; sourceTree = BUILT_PRODUCTS_DIR; };
		DFD158D71B7B50F100EC5856 /* Info.plist */ = {isa = PBXFileReference; lastKnownFileType = text.plist.xml; path = Info.plist; sourceTree = "<group>"; };
		DFD158D81B7B50F100EC5856 /* AppDelegate.swift */ = {isa = PBXFileReference; lastKnownFileType = sourcecode.swift; path = AppDelegate.swift; sourceTree = "<group>"; };
		DFD158DA1B7B50F100EC5856 /* ViewController.swift */ = {isa = PBXFileReference; lastKnownFileType = sourcecode.swift; path = ViewController.swift; sourceTree = "<group>"; };
		DFD158DD1B7B50F100EC5856 /* Base */ = {isa = PBXFileReference; lastKnownFileType = file.storyboard; name = Base; path = Base.lproj/Main.storyboard; sourceTree = "<group>"; };
		DFD158DF1B7B50F100EC5856 /* Images.xcassets */ = {isa = PBXFileReference; lastKnownFileType = folder.assetcatalog; path = Images.xcassets; sourceTree = "<group>"; };
		DFD158E21B7B50F100EC5856 /* Base */ = {isa = PBXFileReference; lastKnownFileType = file.xib; name = Base; path = Base.lproj/LaunchScreen.xib; sourceTree = "<group>"; };
		DFD158E81B7B50F100EC5856 /* LayoutDemoTests.xctest */ = {isa = PBXFileReference; explicitFileType = wrapper.cfbundle; includeInIndex = 0; path = LayoutDemoTests.xctest; sourceTree = BUILT_PRODUCTS_DIR; };
		DFD158ED1B7B50F100EC5856 /* Info.plist */ = {isa = PBXFileReference; lastKnownFileType = text.plist.xml; path = Info.plist; sourceTree = "<group>"; };
		DFD158EE1B7B50F100EC5856 /* LayoutDemoTests.swift */ = {isa = PBXFileReference; lastKnownFileType = sourcecode.swift; path = LayoutDemoTests.swift; sourceTree = "<group>"; };
/* End PBXFileReference section */

/* Begin PBXFrameworksBuildPhase section */
		DFD158D01B7B50F000EC5856 /* Frameworks */ = {
			isa = PBXFrameworksBuildPhase;
			buildActionMask = 2147483647;
			files = (
			);
			runOnlyForDeploymentPostprocessing = 0;
		};
		DFD158E51B7B50F100EC5856 /* Frameworks */ = {
			isa = PBXFrameworksBuildPhase;
			buildActionMask = 2147483647;
			files = (
			);
			runOnlyForDeploymentPostprocessing = 0;
		};
/* End PBXFrameworksBuildPhase section */

/* Begin PBXGroup section */
		DFD158CA1B7B50F000EC5856 = {
			isa = PBXGroup;
			children = (
				DFD158D51B7B50F000EC5856 /* LayoutDemo */,
				DFD158EB1B7B50F100EC5856 /* LayoutDemoTests */,
				DFD158D41B7B50F000EC5856 /* Products */,
			);
			sourceTree = "<group>";
		};
		DFD158D41B7B50F000EC5856 /* Products */ = {
			isa = PBXGroup;
			children = (
				DFD158D31B7B50F000EC5856 /* LayoutDemo.app */,
				DFD158E81B7B50F100EC5856 /* LayoutDemoTests.xctest */,
			);
			name = Products;
			sourceTree = "<group>";
		};
		DFD158D51B7B50F000EC5856 /* LayoutDemo */ = {
			isa = PBXGroup;
			children = (
				DFD158D81B7B50F100EC5856 /* AppDelegate.swift */,
				DFD158DA1B7B50F100EC5856 /* ViewController.swift */,
				DFD158DC1B7B50F100EC5856 /* Main.storyboard */,
				DFD158DF1B7B50F100EC5856 /* Images.xcassets */,
				DFD158E11B7B50F100EC5856 /* LaunchScreen.xib */,
				DFD158D61B7B50F100EC5856 /* Supporting Files */,
			);
			path = LayoutDemo;
			sourceTree = "<group>";
		};
		DFD158D61B7B50F100EC5856 /* Supporting Files */ = {
			isa = PBXGroup;
			children = (
				DFD158D71B7B50F100EC5856 /* Info.plist */,
			);
			name = "Supporting Files";
			sourceTree = "<group>";
		};
		DFD158EB1B7B50F100EC5856 /* LayoutDemoTests */ = {
			isa = PBXGroup;
			children = (
				DFD158EE1B7B50F100EC5856 /* LayoutDemoTests.swift */,
				DFD158EC1B7B50F100EC5856 /* Supporting Files */,
			);
			path = LayoutDemoTests;
			sourceTree = "<group>";
		};
		DFD158EC1B7B50F100EC5856 /* Supporting Files */ = {
			isa = PBXGroup;
			children = (
				DFD158ED1B7B50F100EC5856 /* Info.plist */,
			);
			name = "Supporting Files";
			sourceTree = "<group>";
		};
/* End PBXGroup section */

/* Begin PBXNativeTarget section */
		DFD158D21B7B50F000EC5856 /* LayoutDemo */ = {
			isa = PBXNativeTarget;
			buildConfigurationList = DFD158F21B7B50F100EC5856 /* Build configuration list for PBXNativeTarget "LayoutDemo" */;
			buildPhases = (
				DFD158CF1B7B50F000EC5856 /* Sources */,
				DFD158D01B7B50F000EC5856 /* Frameworks */,
				DFD158D11B7B50F000EC5856 /* Resources */,
			);
			buildRules = (
			);
			dependencies = (
			);
			name = LayoutDemo;
			productName = LayoutDemo;
			productReference = DFD158D31B7B50F000EC5856 /* LayoutDemo.app */;
			productType = "com.apple.product-type.application";
		};
		DFD158E71B7B50F100EC5856 /* LayoutDemoTests */ = {
			isa = PBXNativeTarget;
			buildConfigurationList = DFD158F51B7B50F100EC5856 /* Build configuration list for PBXNativeTarget "LayoutDemoTests" */;
			buildPhases = (
				DFD158E41B7B50F100EC5856 /* Sources */,
				DFD158E51B7B50F100EC5856 /* Frameworks */,
				DFD158E61B7B50F100EC5856 /* Resources */,
			);
			buildRules = (
			);
			dependencies = (
				DFD158EA1B7B50F100EC5856 /* PBXTargetDependency */,
			);
			name = LayoutDemoTests;
			productName = LayoutDemoTests;
			productReference = DFD158E81B7B50F100EC5856 /* LayoutDemoTests.xctest */;
			productType = "com.apple.product-type.bundle.unit-test";
		};
/* End PBXNativeTarget section */

/* Begin PBXProject section */
		DFD158CB1B7B50F000EC5856 /* Project object */ = {
			isa = PBXProject;
			attributes = {
				LastUpgradeCheck = 0640;
				ORGANIZATIONNAME = KevinLab;
				TargetAttributes = {
					DFD158D21B7B50F000EC5856 = {
						CreatedOnToolsVersion = 6.4;
					};
					DFD158E71B7B50F100EC5856 = {
						CreatedOnToolsVersion = 6.4;
						TestTargetID = DFD158D21B7B50F000EC5856;
					};
				};
			};
			buildConfigurationList = DFD158CE1B7B50F000EC5856 /* Build configuration list for PBXProject "LayoutDemo" */;
			compatibilityVersion = "Xcode 3.2";
			developmentRegion = English;
			hasScannedForEncodings = 0;
			knownRegions = (
				en,
				Base,
			);
			mainGroup = DFD158CA1B7B50F000EC5856;
			productRefGroup = DFD158D41B7B50F000EC5856 /* Products */;
			projectDirPath = "";
			projectRoot = "";
			targets = (
				DFD158D21B7B50F000EC5856 /* LayoutDemo */,
				DFD158E71B7B50F100EC5856 /* LayoutDemoTests */,
			);
		};
/* End PBXProject section */

/* Begin PBXResourcesBuildPhase section */
		DFD158D11B7B50F000EC5856 /* Resources */ = {
			isa = PBXResourcesBuildPhase;
			buildActionMask = 2147483647;
			files = (
				DFD158DE1B7B50F100EC5856 /* Main.storyboard in Resources */,
				DFD158E31B7B50F100EC5856 /* LaunchScreen.xib in Resources */,
				DFD158E01B7B50F100EC5856 /* Images.xcassets in Resources */,
			);
			runOnlyForDeploymentPostprocessing = 0;
		};
		DFD158E61B7B50F100EC5856 /* Resources */ = {
			isa = PBXResourcesBuildPhase;
			buildActionMask = 2147483647;
			files = (
			);
			runOnlyForDeploymentPostprocessing = 0;
		};
/* End PBXResourcesBuildPhase section */

/* Begin PBXSourcesBuildPhase section */
		DFD158CF1B7B50F000EC5856 /* Sources */ = {
			isa = PBXSourcesBuildPhase;
			buildActionMask = 2147483647;
			files = (
				DFD158DB1B7B50F100EC5856 /* ViewController.swift in Sources */,
				DFD158D91B7B50F100EC5856 /* AppDelegate.swift in Sources */,
			);
			runOnlyForDeploymentPostprocessing = 0;
		};
		DFD158E41B7B50F100EC5856 /* Sources */ = {
			isa = PBXSourcesBuildPhase;
			buildActionMask = 2147483647;
			files = (
				DFD158EF1B7B50F100EC5856 /* LayoutDemoTests.swift in Sources */,
			);
			runOnlyForDeploymentPostprocessing = 0;
		};
/* End PBXSourcesBuildPhase section */

/* Begin PBXTargetDependency section */
		DFD158EA1B7B50F100EC5856 /* PBXTargetDependency */ = {
			isa = PBXTargetDependency;
			target = DFD158D21B7B50F000EC5856 /* LayoutDemo */;
			targetProxy = DFD158E91B7B50F100EC5856 /* PBXContainerItemProxy */;
		};
/* End PBXTargetDependency section */

/* Begin PBXVariantGroup section */
		DFD158DC1B7B50F100EC5856 /* Main.storyboard */ = {
			isa = PBXVariantGroup;
			children = (
				DFD158DD1B7B50F100EC5856 /* Base */,
			);
			name = Main.storyboard;
			sourceTree = "<group>";
		};
		DFD158E11B7B50F100EC5856 /* LaunchScreen.xib */ = {
			isa = PBXVariantGroup;
			children = (
				DFD158E21B7B50F100EC5856 /* Base */,
			);
			name = LaunchScreen.xib;
			sourceTree = "<group>";
		};
/* End PBXVariantGroup section */

/* Begin XCBuildConfiguration section */
		DFD158F01B7B50F100EC5856 /* Debug */ = {
			isa = XCBuildConfiguration;
			buildSettings = {
				ALWAYS_SEARCH_USER_PATHS = NO;
				CLANG_CXX_LANGUAGE_STANDARD = "gnu++0x";
				CLANG_CXX_LIBRARY = "libc++";
				CLANG_ENABLE_MODULES = YES;
				CLANG_ENABLE_OBJC_ARC = YES;
				CLANG_WARN_BOOL_CONVERSION = YES;
				CLANG_WARN_CONSTANT_CONVERSION = YES;
				CLANG_WARN_DIRECT_OBJC_ISA_USAGE = YES_ERROR;
				CLANG_WARN_EMPTY_BODY = YES;
				CLANG_WARN_ENUM_CONVERSION = YES;
				CLANG_WARN_INT_CONVERSION = YES;
				CLANG_WARN_OBJC_ROOT_CLASS = YES_ERROR;
				CLANG_WARN_UNREACHABLE_CODE = YES;
				CLANG_WARN__DUPLICATE_METHOD_MATCH = YES;
				"CODE_SIGN_IDENTITY[sdk=iphoneos*]" = "iPhone Developer";
				COPY_PHASE_STRIP = NO;
				DEBUG_INFORMATION_FORMAT = "dwarf-with-dsym";
				ENABLE_STRICT_OBJC_MSGSEND = YES;
				GCC_C_LANGUAGE_STANDARD = gnu99;
				GCC_DYNAMIC_NO_PIC = NO;
				GCC_NO_COMMON_BLOCKS = YES;
				GCC_OPTIMIZATION_LEVEL = 0;
				GCC_PREPROCESSOR_DEFINITIONS = (
					"DEBUG=1",
					"$(inherited)",
				);
				GCC_SYMBOLS_PRIVATE_EXTERN = NO;
				GCC_WARN_64_TO_32_BIT_CONVERSION = YES;
				GCC_WARN_ABOUT_RETURN_TYPE = YES_ERROR;
				GCC_WARN_UNDECLARED_SELECTOR = YES;
				GCC_WARN_UNINITIALIZED_AUTOS = YES_AGGRESSIVE;
				GCC_WARN_UNUSED_FUNCTION = YES;
				GCC_WARN_UNUSED_VARIABLE = YES;
				IPHONEOS_DEPLOYMENT_TARGET = 8.4;
				MTL_ENABLE_DEBUG_INFO = YES;
				ONLY_ACTIVE_ARCH = YES;
				SDKROOT = iphoneos;
				SWIFT_OPTIMIZATION_LEVEL = "-Onone";
			};
			name = Debug;
		};
		DFD158F11B7B50F100EC5856 /* Release */ = {
			isa = XCBuildConfiguration;
			buildSettings = {
				ALWAYS_SEARCH_USER_PATHS = NO;
				CLANG_CXX_LANGUAGE_STANDARD = "gnu++0x";
				CLANG_CXX_LIBRARY = "libc++";
				CLANG_ENABLE_MODULES = YES;
				CLANG_ENABLE_OBJC_ARC = YES;
				CLANG_WARN_BOOL_CONVERSION = YES;
				CLANG_WARN_CONSTANT_CONVERSION = YES;
				CLANG_WARN_DIRECT_OBJC_ISA_USAGE = YES_ERROR;
				CLANG_WARN_EMPTY_BODY = YES;
				CLANG_WARN_ENUM_CONVERSION = YES;
				CLANG_WARN_INT_CONVERSION = YES;
				CLANG_WARN_OBJC_ROOT_CLASS = YES_ERROR;
				CLANG_WARN_UNREACHABLE_CODE = YES;
				CLANG_WARN__DUPLICATE_METHOD_MATCH = YES;
				"CODE_SIGN_IDENTITY[sdk=iphoneos*]" = "iPhone Developer";
				COPY_PHASE_STRIP = NO;
				DEBUG_INFORMATION_FORMAT = "dwarf-with-dsym";
				ENABLE_NS_ASSERTIONS = NO;
				ENABLE_STRICT_OBJC_MSGSEND = YES;
				GCC_C_LANGUAGE_STANDARD = gnu99;
				GCC_NO_COMMON_BLOCKS = YES;
				GCC_WARN_64_TO_32_BIT_CONVERSION = YES;
				GCC_WARN_ABOUT_RETURN_TYPE = YES_ERROR;
				GCC_WARN_UNDECLARED_SELECTOR = YES;
				GCC_WARN_UNINITIALIZED_AUTOS = YES_AGGRESSIVE;
				GCC_WARN_UNUSED_FUNCTION = YES;
				GCC_WARN_UNUSED_VARIABLE = YES;
				IPHONEOS_DEPLOYMENT_TARGET = 8.4;
				MTL_ENABLE_DEBUG_INFO = NO;
				SDKROOT = iphoneos;
				VALIDATE_PRODUCT = YES;
			};
			name = Release;
		};
		DFD158F31B7B50F100EC5856 /* Debug */ = {
			isa = XCBuildConfiguration;
			buildSettings = {
				ASSETCATALOG_COMPILER_APPICON_NAME = AppIcon;
				INFOPLIST_FILE = LayoutDemo/Info.plist;
				LD_RUNPATH_SEARCH_PATHS = "$(inherited) @executable_path/Frameworks";
				PRODUCT_NAME = "$(TARGET_NAME)";
			};
			name = Debug;
		};
		DFD158F41B7B50F100EC5856 /* Release */ = {
			isa = XCBuildConfiguration;
			buildSettings = {
				ASSETCATALOG_COMPILER_APPICON_NAME = AppIcon;
				INFOPLIST_FILE = LayoutDemo/Info.plist;
				LD_RUNPATH_SEARCH_PATHS = "$(inherited) @executable_path/Frameworks";
				PRODUCT_NAME = "$(TARGET_NAME)";
			};
			name = Release;
		};
		DFD158F61B7B50F100EC5856 /* Debug */ = {
			isa = XCBuildConfiguration;
			buildSettings = {
				BUNDLE_LOADER = "$(TEST_HOST)";
				FRAMEWORK_SEARCH_PATHS = (
					"$(SDKROOT)/Developer/Library/Frameworks",
					"$(inherited)",
				);
				GCC_PREPROCESSOR_DEFINITIONS = (
					"DEBUG=1",
					"$(inherited)",
				);
				INFOPLIST_FILE = LayoutDemoTests/Info.plist;
				LD_RUNPATH_SEARCH_PATHS = "$(inherited) @executable_path/Frameworks @loader_path/Frameworks";
				PRODUCT_NAME = "$(TARGET_NAME)";
				TEST_HOST = "$(BUILT_PRODUCTS_DIR)/LayoutDemo.app/LayoutDemo";
			};
			name = Debug;
		};
		DFD158F71B7B50F100EC5856 /* Release */ = {
			isa = XCBuildConfiguration;
			buildSettings = {
				BUNDLE_LOADER = "$(TEST_HOST)";
				FRAMEWORK_SEARCH_PATHS = (
					"$(SDKROOT)/Developer/Library/Frameworks",
					"$(inherited)",
				);
				INFOPLIST_FILE = LayoutDemoTests/Info.plist;
				LD_RUNPATH_SEARCH_PATHS = "$(inherited) @executable_path/Frameworks @loader_path/Frameworks";
				PRODUCT_NAME = "$(TARGET_NAME)";
				TEST_HOST = "$(BUILT_PRODUCTS_DIR)/LayoutDemo.app/LayoutDemo";
			};
			name = Release;
		};
/* End XCBuildConfiguration section */

/* Begin XCConfigurationList section */
		DFD158CE1B7B50F000EC5856 /* Build configuration list for PBXProject "LayoutDemo" */ = {
			isa = XCConfigurationList;
			buildConfigurations = (
				DFD158F01B7B50F100EC5856 /* Debug */,
				DFD158F11B7B50F100EC5856 /* Release */,
			);
			defaultConfigurationIsVisible = 0;
			defaultConfigurationName = Release;
		};
		DFD158F21B7B50F100EC5856 /* Build configuration list for PBXNativeTarget "LayoutDemo" */ = {
			isa = XCConfigurationList;
			buildConfigurations = (
				DFD158F31B7B50F100EC5856 /* Debug */,
				DFD158F41B7B50F100EC5856 /* Release */,
			);
			defaultConfigurationIsVisible = 0;
		};
		DFD158F51B7B50F100EC5856 /* Build configuration list for PBXNativeTarget "LayoutDemoTests" */ = {
			isa = XCConfigurationList;
			buildConfigurations = (
				DFD158F61B7B50F100EC5856 /* Debug */,
				DFD158F71B7B50F100EC5856 /* Release */,
			);
			defaultConfigurationIsVisible = 0;
		};
/* End XCConfigurationList section */
	};
	rootObject = DFD158CB1B7B50F000EC5856 /* Project object */;
}
